github.com/goark/csvdata v0.5.0 h1:k5oQXmXdMce6+i6mLytffAa44b22KduCA52A14cXe+4=
github.com/goark/csvdata v0.5.0/go.mod h1:qVxMNmElo3nT5KjMz0HjOygu5JrEk0VUCrOpoOJmrR4=
github.com/goark/errs v1.1.0 h1:FKnyw4LVyRADIjM8Nj0Up6r0/y5cfADvZAd1E+tthXE=
github.com/goark/errs v1.1.0/go.mod h1:TtaPEoadm2mzqzfXdkkfpN2xuniCFm2q4JH+c1qzaqw=
golang.org/x/text v0.3.7 h1:olpwvP2KacW1ZWvsR7uQhoyTYvKAupfQrRGBFM352Gk=
golang.org/x/text v0.3.7/go.mod h1:u+2+/6zg+i71rQMx5EYifcz6MCKuco9NR6JIITiCfzQ=
