github.com/spiegel-im-spiegel/errs v1.0.2 h1:v4amEwRDqRWjKHOILQnJSovYhZ4ZttEnBBXNXEzS6Sc=
github.com/spiegel-im-spiegel/errs v1.0.2/go.mod h1:UoasJYYujMcdkbT9USv8dfZWoMyaY3btqQxoLJImw0A=
github.com/spiegel-im-spiegel/fetch v0.1.0 h1:PTO3iYyG1cF0F6N5x21HdYW6JqdiLtvFSue7ifVTI38=
github.com/spiegel-im-spiegel/fetch v0.1.0/go.mod h1:IQvb70onwbv58/tGz1QhKYEaZs/2ehPaHMva39/jrrU=
